
Microsoft Visual Studio Solution File, Format Version 12.00
# Visual Studio Version 16
VisualStudioVersion = 16.0.30611.23
MinimumVisualStudioVersion = 15.0.26124.0
Project("{2150E333-8FDC-42A3-9474-1A3956D46DE8}") = "ProAgil.API", "ProAgil.API", "{CF87BD1F-E250-4E3A-A67F-1C963A92CA9E}"
	ProjectSection(SolutionItems) = preProject
		ProAgil.API\ProAgil.API\appsettings.Development.json = ProAgil.API\ProAgil.API\appsettings.Development.json
		ProAgil.API\ProAgil.API\appsettings.json = ProAgil.API\ProAgil.API\appsettings.json
	EndProjectSection
EndProject
Project("{9A19103F-16F7-4668-BE54-9A1E7A4F7556}") = "ProAgil.API", "ProAgil.API\ProAgil.API\ProAgil.API.csproj", "{7C47FD85-5F1F-4E8E-BE9E-02FD8757DBEF}"
EndProject
Project("{9A19103F-16F7-4668-BE54-9A1E7A4F7556}") = "ProAgil.Repository", "ProAgil.Repository\ProAgil.Repository.csproj", "{3BF39EE8-C263-4DCA-ADC6-C5D4798CA7CA}"
EndProject
Project("{9A19103F-16F7-4668-BE54-9A1E7A4F7556}") = "ProAgil.Domain", "ProAgil.Domain\ProAgil.Domain.csproj", "{1B759EA6-9386-4BD3-8D8F-B48165536563}"
EndProject
Global
	GlobalSection(SolutionConfigurationPlatforms) = preSolution
		Debug|Any CPU = Debug|Any CPU
		Debug|x64 = Debug|x64
		Debug|x86 = Debug|x86
		Release|Any CPU = Release|Any CPU
		Release|x64 = Release|x64
		Release|x86 = Release|x86
	EndGlobalSection
	GlobalSection(ProjectConfigurationPlatforms) = postSolution
		{7C47FD85-5F1F-4E8E-BE9E-02FD8757DBEF}.Debug|Any CPU.ActiveCfg = Debug|Any CPU
		{7C47FD85-5F1F-4E8E-BE9E-02FD8757DBEF}.Debug|Any CPU.Build.0 = Debug|Any CPU
		{7C47FD85-5F1F-4E8E-BE9E-02FD8757DBEF}.Debug|x64.ActiveCfg = Debug|Any CPU
		{7C47FD85-5F1F-4E8E-BE9E-02FD8757DBEF}.Debug|x64.Build.0 = Debug|Any CPU
		{7C47FD85-5F1F-4E8E-BE9E-02FD8757DBEF}.Debug|x86.ActiveCfg = Debug|Any CPU
		{7C47FD85-5F1F-4E8E-BE9E-02FD8757DBEF}.Debug|x86.Build.0 = Debug|Any CPU
		{7C47FD85-5F1F-4E8E-BE9E-02FD8757DBEF}.Release|Any CPU.ActiveCfg = Release|Any CPU
		{7C47FD85-5F1F-4E8E-BE9E-02FD8757DBEF}.Release|Any CPU.Build.0 = Release|Any CPU
		{7C47FD85-5F1F-4E8E-BE9E-02FD8757DBEF}.Release|x64.ActiveCfg = Release|Any CPU
		{7C47FD85-5F1F-4E8E-BE9E-02FD8757DBEF}.Release|x64.Build.0 = Release|Any CPU
		{7C47FD85-5F1F-4E8E-BE9E-02FD8757DBEF}.Release|x86.ActiveCfg = Release|Any CPU
		{7C47FD85-5F1F-4E8E-BE9E-02FD8757DBEF}.Release|x86.Build.0 = Release|Any CPU
		{3BF39EE8-C263-4DCA-ADC6-C5D4798CA7CA}.Debug|Any CPU.ActiveCfg = Debug|Any CPU
		{3BF39EE8-C263-4DCA-ADC6-C5D4798CA7CA}.Debug|Any CPU.Build.0 = Debug|Any CPU
		{3BF39EE8-C263-4DCA-ADC6-C5D4798CA7CA}.Debug|x64.ActiveCfg = Debug|Any CPU
		{3BF39EE8-C263-4DCA-ADC6-C5D4798CA7CA}.Debug|x64.Build.0 = Debug|Any CPU
		{3BF39EE8-C263-4DCA-ADC6-C5D4798CA7CA}.Debug|x86.ActiveCfg = Debug|Any CPU
		{3BF39EE8-C263-4DCA-ADC6-C5D4798CA7CA}.Debug|x86.Build.0 = Debug|Any CPU
		{3BF39EE8-C263-4DCA-ADC6-C5D4798CA7CA}.Release|Any CPU.ActiveCfg = Release|Any CPU
		{3BF39EE8-C263-4DCA-ADC6-C5D4798CA7CA}.Release|Any CPU.Build.0 = Release|Any CPU
		{3BF39EE8-C263-4DCA-ADC6-C5D4798CA7CA}.Release|x64.ActiveCfg = Release|Any CPU
		{3BF39EE8-C263-4DCA-ADC6-C5D4798CA7CA}.Release|x64.Build.0 = Release|Any CPU
		{3BF39EE8-C263-4DCA-ADC6-C5D4798CA7CA}.Release|x86.ActiveCfg = Release|Any CPU
		{3BF39EE8-C263-4DCA-ADC6-C5D4798CA7CA}.Release|x86.Build.0 = Release|Any CPU
		{1B759EA6-9386-4BD3-8D8F-B48165536563}.Debug|Any CPU.ActiveCfg = Debug|Any CPU
		{1B759EA6-9386-4BD3-8D8F-B48165536563}.Debug|Any CPU.Build.0 = Debug|Any CPU
		{1B759EA6-9386-4BD3-8D8F-B48165536563}.Debug|x64.ActiveCfg = Debug|Any CPU
		{1B759EA6-9386-4BD3-8D8F-B48165536563}.Debug|x64.Build.0 = Debug|Any CPU
		{1B759EA6-9386-4BD3-8D8F-B48165536563}.Debug|x86.ActiveCfg = Debug|Any CPU
		{1B759EA6-9386-4BD3-8D8F-B48165536563}.Debug|x86.Build.0 = Debug|Any CPU
		{1B759EA6-9386-4BD3-8D8F-B48165536563}.Release|Any CPU.ActiveCfg = Release|Any CPU
		{1B759EA6-9386-4BD3-8D8F-B48165536563}.Release|Any CPU.Build.0 = Release|Any CPU
		{1B759EA6-9386-4BD3-8D8F-B48165536563}.Release|x64.ActiveCfg = Release|Any CPU
		{1B759EA6-9386-4BD3-8D8F-B48165536563}.Release|x64.Build.0 = Release|Any CPU
		{1B759EA6-9386-4BD3-8D8F-B48165536563}.Release|x86.ActiveCfg = Release|Any CPU
		{1B759EA6-9386-4BD3-8D8F-B48165536563}.Release|x86.Build.0 = Release|Any CPU
	EndGlobalSection
	GlobalSection(SolutionProperties) = preSolution
		HideSolutionNode = FALSE
	EndGlobalSection
	GlobalSection(NestedProjects) = preSolution
		{7C47FD85-5F1F-4E8E-BE9E-02FD8757DBEF} = {CF87BD1F-E250-4E3A-A67F-1C963A92CA9E}
	EndGlobalSection
	GlobalSection(ExtensibilityGlobals) = postSolution
		SolutionGuid = {3CB897D7-1760-40CA-9BC8-6340DADB4BA2}
	EndGlobalSection
EndGlobal
